// !$*UTF8*$!
{
	archiveVersion = 1;
	classes = {
	};
	objectVersion = 46;
	objects = {

/* Begin PBXBuildFile section */
		0483FE1E163E5FA8005D804F /* FirstSettingViewController.m in Sources */ = {isa = PBXBuildFile; fileRef = 0483FE1C163E5FA8005D804F /* FirstSettingViewController.m */; };
		0483FE1F163E5FA8005D804F /* FirstSettingViewController.xib in Resources */ = {isa = PBXBuildFile; fileRef = 0483FE1D163E5FA8005D804F /* FirstSettingViewController.xib */; };
		04ADF5AB163E9A4900F825B4 /* NameAndAvatarSettingViewController.m in Sources */ = {isa = PBXBuildFile; fileRef = 04ADF5A9163E9A4900F825B4 /* NameAndAvatarSettingViewController.m */; };
		04ADF5AC163E9A4900F825B4 /* NameAndAvatarSettingViewController.xib in Resources */ = {isa = PBXBuildFile; fileRef = 04ADF5AA163E9A4900F825B4 /* NameAndAvatarSettingViewController.xib */; };
		04ADF5B4163E9FC400F825B4 /* CompletionSettingViewController.m in Sources */ = {isa = PBXBuildFile; fileRef = 04ADF5B2163E9FC300F825B4 /* CompletionSettingViewController.m */; };
		04ADF5B5163E9FC400F825B4 /* CompletionSettingViewController.xib in Resources */ = {isa = PBXBuildFile; fileRef = 04ADF5B3163E9FC400F825B4 /* CompletionSettingViewController.xib */; };
		04ADF5B7163EABE000F825B4 /* MobileCoreServices.framework in Frameworks */ = {isa = PBXBuildFile; fileRef = 04ADF5B6163EABE000F825B4 /* MobileCoreServices.framework */; };
		04EC92341640DA7C00E99EB5 /* InviteUserViewController.m in Sources */ = {isa = PBXBuildFile; fileRef = 04EC92321640DA7C00E99EB5 /* InviteUserViewController.m */; };
		04EC92351640DA7C00E99EB5 /* InviteUserViewController.xib in Resources */ = {isa = PBXBuildFile; fileRef = 04EC92331640DA7C00E99EB5 /* InviteUserViewController.xib */; };
		5501C13F1636C5A90073ACB1 /* FacebookSDK.framework in Frameworks */ = {isa = PBXBuildFile; fileRef = 5501C13E1636C5A90073ACB1 /* FacebookSDK.framework */; };
		5501C14D1636D26F0073ACB1 /* Accounts.framework in Frameworks */ = {isa = PBXBuildFile; fileRef = 5501C14C1636D26F0073ACB1 /* Accounts.framework */; settings = {ATTRIBUTES = (Weak, ); }; };
		5501C14F1636D4210073ACB1 /* AdSupport.framework in Frameworks */ = {isa = PBXBuildFile; fileRef = 5501C14E1636D4210073ACB1 /* AdSupport.framework */; settings = {ATTRIBUTES = (Weak, ); }; };
		552BD57616365ECB00D89652 /* ProfileViewController.m in Sources */ = {isa = PBXBuildFile; fileRef = 552BD57416365ECB00D89652 /* ProfileViewController.m */; };
		552BD57716365ECB00D89652 /* ProfileViewController.xib in Resources */ = {isa = PBXBuildFile; fileRef = 552BD57516365ECB00D89652 /* ProfileViewController.xib */; };
		552BD57B1636609500D89652 /* NetUtility.m in Sources */ = {isa = PBXBuildFile; fileRef = 552BD57A1636609500D89652 /* NetUtility.m */; };
		5570A909163550A5008E2F50 /* UIKit.framework in Frameworks */ = {isa = PBXBuildFile; fileRef = 5570A908163550A5008E2F50 /* UIKit.framework */; };
		5570A90B163550A5008E2F50 /* Foundation.framework in Frameworks */ = {isa = PBXBuildFile; fileRef = 5570A90A163550A5008E2F50 /* Foundation.framework */; };
		5570A90D163550A5008E2F50 /* CoreGraphics.framework in Frameworks */ = {isa = PBXBuildFile; fileRef = 5570A90C163550A5008E2F50 /* CoreGraphics.framework */; };
		5570A913163550A5008E2F50 /* InfoPlist.strings in Resources */ = {isa = PBXBuildFile; fileRef = 5570A911163550A5008E2F50 /* InfoPlist.strings */; };
		5570A915163550A5008E2F50 /* main.m in Sources */ = {isa = PBXBuildFile; fileRef = 5570A914163550A5008E2F50 /* main.m */; };
		5570A919163550A5008E2F50 /* AppDelegate.m in Sources */ = {isa = PBXBuildFile; fileRef = 5570A918163550A5008E2F50 /* AppDelegate.m */; };
		5570A91B163550A5008E2F50 /* Default.png in Resources */ = {isa = PBXBuildFile; fileRef = 5570A91A163550A5008E2F50 /* Default.png */; };
		5570A91D163550A5008E2F50 /* Default@2x.png in Resources */ = {isa = PBXBuildFile; fileRef = 5570A91C163550A5008E2F50 /* Default@2x.png */; };
		5570A91F163550A5008E2F50 /* Default-568h@2x.png in Resources */ = {isa = PBXBuildFile; fileRef = 5570A91E163550A5008E2F50 /* Default-568h@2x.png */; };
		5570A922163550A5008E2F50 /* ViewController.m in Sources */ = {isa = PBXBuildFile; fileRef = 5570A921163550A5008E2F50 /* ViewController.m */; };
		5570A92D163550A5008E2F50 /* SenTestingKit.framework in Frameworks */ = {isa = PBXBuildFile; fileRef = 5570A92C163550A5008E2F50 /* SenTestingKit.framework */; };
		5570A92E163550A5008E2F50 /* UIKit.framework in Frameworks */ = {isa = PBXBuildFile; fileRef = 5570A908163550A5008E2F50 /* UIKit.framework */; };
		5570A92F163550A5008E2F50 /* Foundation.framework in Frameworks */ = {isa = PBXBuildFile; fileRef = 5570A90A163550A5008E2F50 /* Foundation.framework */; };
		5570A937163550A5008E2F50 /* InfoPlist.strings in Resources */ = {isa = PBXBuildFile; fileRef = 5570A935163550A5008E2F50 /* InfoPlist.strings */; };
		5570A93A163550A5008E2F50 /* rainsyncTests.m in Sources */ = {isa = PBXBuildFile; fileRef = 5570A939163550A5008E2F50 /* rainsyncTests.m */; };
		5570A94616355152008E2F50 /* DashBoardViewController.m in Sources */ = {isa = PBXBuildFile; fileRef = 5570A94416355152008E2F50 /* DashBoardViewController.m */; };
		5570A94716355152008E2F50 /* DashBoardViewController.xib in Resources */ = {isa = PBXBuildFile; fileRef = 5570A94516355152008E2F50 /* DashBoardViewController.xib */; };
		5570A94B16355489008E2F50 /* MapViewController.m in Sources */ = {isa = PBXBuildFile; fileRef = 5570A94916355489008E2F50 /* MapViewController.m */; };
		5570A94C16355489008E2F50 /* MapViewController.xib in Resources */ = {isa = PBXBuildFile; fileRef = 5570A94A16355489008E2F50 /* MapViewController.xib */; };
		5570A94E1635574F008E2F50 /* CoreLocation.framework in Frameworks */ = {isa = PBXBuildFile; fileRef = 5570A94D1635574F008E2F50 /* CoreLocation.framework */; };
		5570A955163557FD008E2F50 /* CoreLocationController.m in Sources */ = {isa = PBXBuildFile; fileRef = 5570A954163557FC008E2F50 /* CoreLocationController.m */; };
		5570A9571635765D008E2F50 /* MapKit.framework in Frameworks */ = {isa = PBXBuildFile; fileRef = 5570A9561635765D008E2F50 /* MapKit.framework */; };
		55910F931637F4E800B007CA /* RidingViewController.m in Sources */ = {isa = PBXBuildFile; fileRef = 55910F911637F4E800B007CA /* RidingViewController.m */; };
		55910F941637F4E800B007CA /* RidingViewController.xib in Resources */ = {isa = PBXBuildFile; fileRef = 55910F921637F4E800B007CA /* RidingViewController.xib */; };
		559110011638207700B007CA /* GroupRideViewController.m in Sources */ = {isa = PBXBuildFile; fileRef = 55910FFF1638207100B007CA /* GroupRideViewController.m */; };
		559110021638207700B007CA /* GroupRideViewController.xib in Resources */ = {isa = PBXBuildFile; fileRef = 559110001638207300B007CA /* GroupRideViewController.xib */; };
		55911006163823E100B007CA /* StaticViewController.m in Sources */ = {isa = PBXBuildFile; fileRef = 55911004163823E000B007CA /* StaticViewController.m */; };
		55911007163823E100B007CA /* StaticViewController.xib in Resources */ = {isa = PBXBuildFile; fileRef = 55911005163823E100B007CA /* StaticViewController.xib */; };
		5591100B1638241500B007CA /* SettingViewController.m in Sources */ = {isa = PBXBuildFile; fileRef = 559110091638241500B007CA /* SettingViewController.m */; };
		5591100C1638241500B007CA /* SettingViewController.xib in Resources */ = {isa = PBXBuildFile; fileRef = 5591100A1638241500B007CA /* SettingViewController.xib */; };
		5591100D163825A900B007CA /* StaticViewController.m in Sources */ = {isa = PBXBuildFile; fileRef = 55911004163823E000B007CA /* StaticViewController.m */; };
		5591100E163825AE00B007CA /* SettingViewController.m in Sources */ = {isa = PBXBuildFile; fileRef = 559110091638241500B007CA /* SettingViewController.m */; };
		5591100F1638260200B007CA /* StaticViewController.xib in Resources */ = {isa = PBXBuildFile; fileRef = 55911005163823E100B007CA /* StaticViewController.xib */; };
		559110101638260600B007CA /* SettingViewController.xib in Resources */ = {isa = PBXBuildFile; fileRef = 5591100A1638241500B007CA /* SettingViewController.xib */; };
/* End PBXBuildFile section */

/* Begin PBXContainerItemProxy section */
		5570A930163550A5008E2F50 /* PBXContainerItemProxy */ = {
			isa = PBXContainerItemProxy;
			containerPortal = 5570A8FB163550A5008E2F50 /* Project object */;
			proxyType = 1;
			remoteGlobalIDString = 5570A903163550A5008E2F50;
			remoteInfo = rainsync;
		};
/* End PBXContainerItemProxy section */

/* Begin PBXFileReference section */
		0483FE1B163E5FA8005D804F /* FirstSettingViewController.h */ = {isa = PBXFileReference; fileEncoding = 4; lastKnownFileType = sourcecode.c.h; path = FirstSettingViewController.h; sourceTree = "<group>"; };
		0483FE1C163E5FA8005D804F /* FirstSettingViewController.m */ = {isa = PBXFileReference; fileEncoding = 4; lastKnownFileType = sourcecode.c.objc; path = FirstSettingViewController.m; sourceTree = "<group>"; };
		0483FE1D163E5FA8005D804F /* FirstSettingViewController.xib */ = {isa = PBXFileReference; fileEncoding = 4; lastKnownFileType = file.xib; path = FirstSettingViewController.xib; sourceTree = "<group>"; };
		04ADF5A8163E9A4900F825B4 /* NameAndAvatarSettingViewController.h */ = {isa = PBXFileReference; fileEncoding = 4; lastKnownFileType = sourcecode.c.h; path = NameAndAvatarSettingViewController.h; sourceTree = "<group>"; };
		04ADF5A9163E9A4900F825B4 /* NameAndAvatarSettingViewController.m */ = {isa = PBXFileReference; fileEncoding = 4; lastKnownFileType = sourcecode.c.objc; path = NameAndAvatarSettingViewController.m; sourceTree = "<group>"; };
		04ADF5AA163E9A4900F825B4 /* NameAndAvatarSettingViewController.xib */ = {isa = PBXFileReference; fileEncoding = 4; lastKnownFileType = file.xib; path = NameAndAvatarSettingViewController.xib; sourceTree = "<group>"; };
		04ADF5B1163E9FC300F825B4 /* CompletionSettingViewController.h */ = {isa = PBXFileReference; fileEncoding = 4; lastKnownFileType = sourcecode.c.h; path = CompletionSettingViewController.h; sourceTree = "<group>"; };
		04ADF5B2163E9FC300F825B4 /* CompletionSettingViewController.m */ = {isa = PBXFileReference; fileEncoding = 4; lastKnownFileType = sourcecode.c.objc; path = CompletionSettingViewController.m; sourceTree = "<group>"; };
		04ADF5B3163E9FC400F825B4 /* CompletionSettingViewController.xib */ = {isa = PBXFileReference; fileEncoding = 4; lastKnownFileType = file.xib; path = CompletionSettingViewController.xib; sourceTree = "<group>"; };
		04ADF5B6163EABE000F825B4 /* MobileCoreServices.framework */ = {isa = PBXFileReference; lastKnownFileType = wrapper.framework; name = MobileCoreServices.framework; path = System/Library/Frameworks/MobileCoreServices.framework; sourceTree = SDKROOT; };
		04EC92311640DA7C00E99EB5 /* InviteUserViewController.h */ = {isa = PBXFileReference; fileEncoding = 4; lastKnownFileType = sourcecode.c.h; path = InviteUserViewController.h; sourceTree = "<group>"; };
		04EC92321640DA7C00E99EB5 /* InviteUserViewController.m */ = {isa = PBXFileReference; fileEncoding = 4; lastKnownFileType = sourcecode.c.objc; path = InviteUserViewController.m; sourceTree = "<group>"; };
		04EC92331640DA7C00E99EB5 /* InviteUserViewController.xib */ = {isa = PBXFileReference; fileEncoding = 4; lastKnownFileType = file.xib; path = InviteUserViewController.xib; sourceTree = "<group>"; };
		5501C13E1636C5A90073ACB1 /* FacebookSDK.framework */ = {isa = PBXFileReference; lastKnownFileType = wrapper.framework; name = FacebookSDK.framework; path = FacebookSDK/FacebookSDK.framework; sourceTree = "<group>"; };
		5501C14C1636D26F0073ACB1 /* Accounts.framework */ = {isa = PBXFileReference; lastKnownFileType = wrapper.framework; name = Accounts.framework; path = System/Library/Frameworks/Accounts.framework; sourceTree = SDKROOT; };
		5501C14E1636D4210073ACB1 /* AdSupport.framework */ = {isa = PBXFileReference; lastKnownFileType = wrapper.framework; name = AdSupport.framework; path = System/Library/Frameworks/AdSupport.framework; sourceTree = SDKROOT; };
		552BD57316365ECB00D89652 /* ProfileViewController.h */ = {isa = PBXFileReference; fileEncoding = 4; lastKnownFileType = sourcecode.c.h; path = ProfileViewController.h; sourceTree = "<group>"; };
		552BD57416365ECB00D89652 /* ProfileViewController.m */ = {isa = PBXFileReference; fileEncoding = 4; lastKnownFileType = sourcecode.c.objc; path = ProfileViewController.m; sourceTree = "<group>"; };
		552BD57516365ECB00D89652 /* ProfileViewController.xib */ = {isa = PBXFileReference; fileEncoding = 4; lastKnownFileType = file.xib; path = ProfileViewController.xib; sourceTree = "<group>"; };
		552BD5791636609400D89652 /* NetUtility.h */ = {isa = PBXFileReference; fileEncoding = 4; lastKnownFileType = sourcecode.c.h; path = NetUtility.h; sourceTree = "<group>"; };
		552BD57A1636609500D89652 /* NetUtility.m */ = {isa = PBXFileReference; fileEncoding = 4; lastKnownFileType = sourcecode.c.objc; path = NetUtility.m; sourceTree = "<group>"; };
		5570A904163550A5008E2F50 /* rainsync.app */ = {isa = PBXFileReference; explicitFileType = wrapper.application; includeInIndex = 0; path = rainsync.app; sourceTree = BUILT_PRODUCTS_DIR; };
		5570A908163550A5008E2F50 /* UIKit.framework */ = {isa = PBXFileReference; lastKnownFileType = wrapper.framework; name = UIKit.framework; path = System/Library/Frameworks/UIKit.framework; sourceTree = SDKROOT; };
		5570A90A163550A5008E2F50 /* Foundation.framework */ = {isa = PBXFileReference; lastKnownFileType = wrapper.framework; name = Foundation.framework; path = System/Library/Frameworks/Foundation.framework; sourceTree = SDKROOT; };
		5570A90C163550A5008E2F50 /* CoreGraphics.framework */ = {isa = PBXFileReference; lastKnownFileType = wrapper.framework; name = CoreGraphics.framework; path = System/Library/Frameworks/CoreGraphics.framework; sourceTree = SDKROOT; };
		5570A910163550A5008E2F50 /* rainsync-Info.plist */ = {isa = PBXFileReference; lastKnownFileType = text.plist.xml; path = "rainsync-Info.plist"; sourceTree = "<group>"; };
		5570A912163550A5008E2F50 /* en */ = {isa = PBXFileReference; lastKnownFileType = text.plist.strings; name = en; path = en.lproj/InfoPlist.strings; sourceTree = "<group>"; };
		5570A914163550A5008E2F50 /* main.m */ = {isa = PBXFileReference; lastKnownFileType = sourcecode.c.objc; path = main.m; sourceTree = "<group>"; };
		5570A916163550A5008E2F50 /* rainsync-Prefix.pch */ = {isa = PBXFileReference; lastKnownFileType = sourcecode.c.h; path = "rainsync-Prefix.pch"; sourceTree = "<group>"; };
		5570A917163550A5008E2F50 /* AppDelegate.h */ = {isa = PBXFileReference; lastKnownFileType = sourcecode.c.h; path = AppDelegate.h; sourceTree = "<group>"; };
		5570A918163550A5008E2F50 /* AppDelegate.m */ = {isa = PBXFileReference; lastKnownFileType = sourcecode.c.objc; path = AppDelegate.m; sourceTree = "<group>"; };
		5570A91A163550A5008E2F50 /* Default.png */ = {isa = PBXFileReference; lastKnownFileType = image.png; path = Default.png; sourceTree = "<group>"; };
		5570A91C163550A5008E2F50 /* Default@2x.png */ = {isa = PBXFileReference; lastKnownFileType = image.png; path = "Default@2x.png"; sourceTree = "<group>"; };
		5570A91E163550A5008E2F50 /* Default-568h@2x.png */ = {isa = PBXFileReference; lastKnownFileType = image.png; path = "Default-568h@2x.png"; sourceTree = "<group>"; };
		5570A920163550A5008E2F50 /* ViewController.h */ = {isa = PBXFileReference; lastKnownFileType = sourcecode.c.h; path = ViewController.h; sourceTree = "<group>"; };
		5570A921163550A5008E2F50 /* ViewController.m */ = {isa = PBXFileReference; lastKnownFileType = sourcecode.c.objc; path = ViewController.m; sourceTree = "<group>"; };
		5570A92B163550A5008E2F50 /* rainsyncTests.octest */ = {isa = PBXFileReference; explicitFileType = wrapper.cfbundle; includeInIndex = 0; path = rainsyncTests.octest; sourceTree = BUILT_PRODUCTS_DIR; };
		5570A92C163550A5008E2F50 /* SenTestingKit.framework */ = {isa = PBXFileReference; lastKnownFileType = wrapper.framework; name = SenTestingKit.framework; path = Library/Frameworks/SenTestingKit.framework; sourceTree = DEVELOPER_DIR; };
		5570A934163550A5008E2F50 /* rainsyncTests-Info.plist */ = {isa = PBXFileReference; lastKnownFileType = text.plist.xml; path = "rainsyncTests-Info.plist"; sourceTree = "<group>"; };
		5570A936163550A5008E2F50 /* en */ = {isa = PBXFileReference; lastKnownFileType = text.plist.strings; name = en; path = en.lproj/InfoPlist.strings; sourceTree = "<group>"; };
		5570A938163550A5008E2F50 /* rainsyncTests.h */ = {isa = PBXFileReference; lastKnownFileType = sourcecode.c.h; path = rainsyncTests.h; sourceTree = "<group>"; };
		5570A939163550A5008E2F50 /* rainsyncTests.m */ = {isa = PBXFileReference; lastKnownFileType = sourcecode.c.objc; path = rainsyncTests.m; sourceTree = "<group>"; };
		5570A94316355152008E2F50 /* DashBoardViewController.h */ = {isa = PBXFileReference; fileEncoding = 4; lastKnownFileType = sourcecode.c.h; path = DashBoardViewController.h; sourceTree = "<group>"; };
		5570A94416355152008E2F50 /* DashBoardViewController.m */ = {isa = PBXFileReference; fileEncoding = 4; lastKnownFileType = sourcecode.c.objc; path = DashBoardViewController.m; sourceTree = "<group>"; };
		5570A94516355152008E2F50 /* DashBoardViewController.xib */ = {isa = PBXFileReference; fileEncoding = 4; lastKnownFileType = file.xib; path = DashBoardViewController.xib; sourceTree = "<group>"; };
		5570A94816355489008E2F50 /* MapViewController.h */ = {isa = PBXFileReference; fileEncoding = 4; lastKnownFileType = sourcecode.c.h; path = MapViewController.h; sourceTree = "<group>"; };
		5570A94916355489008E2F50 /* MapViewController.m */ = {isa = PBXFileReference; fileEncoding = 4; lastKnownFileType = sourcecode.c.objc; path = MapViewController.m; sourceTree = "<group>"; };
		5570A94A16355489008E2F50 /* MapViewController.xib */ = {isa = PBXFileReference; fileEncoding = 4; lastKnownFileType = file.xib; path = MapViewController.xib; sourceTree = "<group>"; };
		5570A94D1635574F008E2F50 /* CoreLocation.framework */ = {isa = PBXFileReference; lastKnownFileType = wrapper.framework; name = CoreLocation.framework; path = System/Library/Frameworks/CoreLocation.framework; sourceTree = SDKROOT; };
		5570A953163557EE008E2F50 /* CoreLocationController.h */ = {isa = PBXFileReference; fileEncoding = 4; lastKnownFileType = sourcecode.c.h; path = CoreLocationController.h; sourceTree = "<group>"; };
		5570A954163557FC008E2F50 /* CoreLocationController.m */ = {isa = PBXFileReference; fileEncoding = 4; lastKnownFileType = sourcecode.c.objc; path = CoreLocationController.m; sourceTree = "<group>"; };
		5570A9561635765D008E2F50 /* MapKit.framework */ = {isa = PBXFileReference; lastKnownFileType = wrapper.framework; name = MapKit.framework; path = System/Library/Frameworks/MapKit.framework; sourceTree = SDKROOT; };
		55910F901637F4E800B007CA /* RidingViewController.h */ = {isa = PBXFileReference; fileEncoding = 4; lastKnownFileType = sourcecode.c.h; path = RidingViewController.h; sourceTree = "<group>"; };
		55910F911637F4E800B007CA /* RidingViewController.m */ = {isa = PBXFileReference; fileEncoding = 4; lastKnownFileType = sourcecode.c.objc; path = RidingViewController.m; sourceTree = "<group>"; };
		55910F921637F4E800B007CA /* RidingViewController.xib */ = {isa = PBXFileReference; fileEncoding = 4; lastKnownFileType = file.xib; path = RidingViewController.xib; sourceTree = "<group>"; };
		55910FFE1638207000B007CA /* GroupRideViewController.h */ = {isa = PBXFileReference; fileEncoding = 4; lastKnownFileType = sourcecode.c.h; path = GroupRideViewController.h; sourceTree = "<group>"; };
		55910FFF1638207100B007CA /* GroupRideViewController.m */ = {isa = PBXFileReference; fileEncoding = 4; lastKnownFileType = sourcecode.c.objc; path = GroupRideViewController.m; sourceTree = "<group>"; };
		559110001638207300B007CA /* GroupRideViewController.xib */ = {isa = PBXFileReference; fileEncoding = 4; lastKnownFileType = file.xib; path = GroupRideViewController.xib; sourceTree = "<group>"; };
		55911003163823E000B007CA /* StaticViewController.h */ = {isa = PBXFileReference; fileEncoding = 4; lastKnownFileType = sourcecode.c.h; path = StaticViewController.h; sourceTree = "<group>"; };
		55911004163823E000B007CA /* StaticViewController.m */ = {isa = PBXFileReference; fileEncoding = 4; lastKnownFileType = sourcecode.c.objc; path = StaticViewController.m; sourceTree = "<group>"; };
		55911005163823E100B007CA /* StaticViewController.xib */ = {isa = PBXFileReference; fileEncoding = 4; lastKnownFileType = file.xib; path = StaticViewController.xib; sourceTree = "<group>"; };
		559110081638241400B007CA /* SettingViewController.h */ = {isa = PBXFileReference; fileEncoding = 4; lastKnownFileType = sourcecode.c.h; path = SettingViewController.h; sourceTree = "<group>"; };
		559110091638241500B007CA /* SettingViewController.m */ = {isa = PBXFileReference; fileEncoding = 4; lastKnownFileType = sourcecode.c.objc; path = SettingViewController.m; sourceTree = "<group>"; };
		5591100A1638241500B007CA /* SettingViewController.xib */ = {isa = PBXFileReference; fileEncoding = 4; lastKnownFileType = file.xib; path = SettingViewController.xib; sourceTree = "<group>"; };
/* End PBXFileReference section */

/* Begin PBXFrameworksBuildPhase section */
		5570A901163550A5008E2F50 /* Frameworks */ = {
			isa = PBXFrameworksBuildPhase;
			buildActionMask = 2147483647;
			files = (
				04ADF5B7163EABE000F825B4 /* MobileCoreServices.framework in Frameworks */,
				5501C14F1636D4210073ACB1 /* AdSupport.framework in Frameworks */,
				5501C14D1636D26F0073ACB1 /* Accounts.framework in Frameworks */,
				5501C13F1636C5A90073ACB1 /* FacebookSDK.framework in Frameworks */,
				5570A9571635765D008E2F50 /* MapKit.framework in Frameworks */,
				5570A94E1635574F008E2F50 /* CoreLocation.framework in Frameworks */,
				5570A909163550A5008E2F50 /* UIKit.framework in Frameworks */,
				5570A90B163550A5008E2F50 /* Foundation.framework in Frameworks */,
				5570A90D163550A5008E2F50 /* CoreGraphics.framework in Frameworks */,
			);
			runOnlyForDeploymentPostprocessing = 0;
		};
		5570A927163550A5008E2F50 /* Frameworks */ = {
			isa = PBXFrameworksBuildPhase;
			buildActionMask = 2147483647;
			files = (
				5570A92D163550A5008E2F50 /* SenTestingKit.framework in Frameworks */,
				5570A92E163550A5008E2F50 /* UIKit.framework in Frameworks */,
				5570A92F163550A5008E2F50 /* Foundation.framework in Frameworks */,
			);
			runOnlyForDeploymentPostprocessing = 0;
		};
/* End PBXFrameworksBuildPhase section */

/* Begin PBXGroup section */
		0483FE20163E646E005D804F /* FirstUserView */ = {
			isa = PBXGroup;
			children = (
				0483FE1B163E5FA8005D804F /* FirstSettingViewController.h */,
				0483FE1C163E5FA8005D804F /* FirstSettingViewController.m */,
				0483FE1D163E5FA8005D804F /* FirstSettingViewController.xib */,
				04ADF5A8163E9A4900F825B4 /* NameAndAvatarSettingViewController.h */,
				04ADF5A9163E9A4900F825B4 /* NameAndAvatarSettingViewController.m */,
				04ADF5AA163E9A4900F825B4 /* NameAndAvatarSettingViewController.xib */,
				04ADF5B1163E9FC300F825B4 /* CompletionSettingViewController.h */,
				04ADF5B2163E9FC300F825B4 /* CompletionSettingViewController.m */,
				04ADF5B3163E9FC400F825B4 /* CompletionSettingViewController.xib */,
			);
			name = FirstUserView;
			sourceTree = "<group>";
		};
		5570A8F9163550A5008E2F50 = {
			isa = PBXGroup;
			children = (
				5570A90E163550A5008E2F50 /* rainsync */,
				5570A932163550A5008E2F50 /* rainsyncTests */,
				5570A907163550A5008E2F50 /* Frameworks */,
				5570A905163550A5008E2F50 /* Products */,
			);
			sourceTree = "<group>";
		};
		5570A905163550A5008E2F50 /* Products */ = {
			isa = PBXGroup;
			children = (
				5570A904163550A5008E2F50 /* rainsync.app */,
				5570A92B163550A5008E2F50 /* rainsyncTests.octest */,
			);
			name = Products;
			sourceTree = "<group>";
		};
		5570A907163550A5008E2F50 /* Frameworks */ = {
			isa = PBXGroup;
			children = (
				04ADF5B6163EABE000F825B4 /* MobileCoreServices.framework */,
				5501C14E1636D4210073ACB1 /* AdSupport.framework */,
				5501C14C1636D26F0073ACB1 /* Accounts.framework */,
				5501C13E1636C5A90073ACB1 /* FacebookSDK.framework */,
				5570A9561635765D008E2F50 /* MapKit.framework */,
				5570A94D1635574F008E2F50 /* CoreLocation.framework */,
				5570A908163550A5008E2F50 /* UIKit.framework */,
				5570A90A163550A5008E2F50 /* Foundation.framework */,
				5570A90C163550A5008E2F50 /* CoreGraphics.framework */,
				5570A92C163550A5008E2F50 /* SenTestingKit.framework */,
			);
			name = Frameworks;
			sourceTree = "<group>";
		};
		5570A90E163550A5008E2F50 /* rainsync */ = {
			isa = PBXGroup;
			children = (
				5570A953163557EE008E2F50 /* CoreLocationController.h */,
				5570A954163557FC008E2F50 /* CoreLocationController.m */,
				5570A917163550A5008E2F50 /* AppDelegate.h */,
				5570A918163550A5008E2F50 /* AppDelegate.m */,
				5570A920163550A5008E2F50 /* ViewController.h */,
				5570A921163550A5008E2F50 /* ViewController.m */,
				0483FE20163E646E005D804F /* FirstUserView */,
				55911012163826DF00B007CA /* RidingSubView */,
				55911011163826C400B007CA /* TabBar */,
				552BD5791636609400D89652 /* NetUtility.h */,
				552BD57A1636609500D89652 /* NetUtility.m */,
				5570A90F163550A5008E2F50 /* Supporting Files */,
			);
			path = rainsync;
			sourceTree = "<group>";
		};
		5570A90F163550A5008E2F50 /* Supporting Files */ = {
			isa = PBXGroup;
			children = (
				5570A910163550A5008E2F50 /* rainsync-Info.plist */,
				5570A911163550A5008E2F50 /* InfoPlist.strings */,
				5570A914163550A5008E2F50 /* main.m */,
				5570A916163550A5008E2F50 /* rainsync-Prefix.pch */,
				5570A91A163550A5008E2F50 /* Default.png */,
				5570A91C163550A5008E2F50 /* Default@2x.png */,
				5570A91E163550A5008E2F50 /* Default-568h@2x.png */,
			);
			name = "Supporting Files";
			sourceTree = "<group>";
		};
		5570A932163550A5008E2F50 /* rainsyncTests */ = {
			isa = PBXGroup;
			children = (
				5570A938163550A5008E2F50 /* rainsyncTests.h */,
				5570A939163550A5008E2F50 /* rainsyncTests.m */,
				5570A933163550A5008E2F50 /* Supporting Files */,
			);
			path = rainsyncTests;
			sourceTree = "<group>";
		};
		5570A933163550A5008E2F50 /* Supporting Files */ = {
			isa = PBXGroup;
			children = (
				5570A934163550A5008E2F50 /* rainsyncTests-Info.plist */,
				5570A935163550A5008E2F50 /* InfoPlist.strings */,
			);
			name = "Supporting Files";
			sourceTree = "<group>";
		};
		55911011163826C400B007CA /* TabBar */ = {
			isa = PBXGroup;
			children = (
				552BD57316365ECB00D89652 /* ProfileViewController.h */,
				552BD57416365ECB00D89652 /* ProfileViewController.m */,
				552BD57516365ECB00D89652 /* ProfileViewController.xib */,
				55911003163823E000B007CA /* StaticViewController.h */,
				55911004163823E000B007CA /* StaticViewController.m */,
				55911005163823E100B007CA /* StaticViewController.xib */,
				559110081638241400B007CA /* SettingViewController.h */,
				559110091638241500B007CA /* SettingViewController.m */,
				5591100A1638241500B007CA /* SettingViewController.xib */,
			);
			name = TabBar;
			sourceTree = "<group>";
		};
		55911012163826DF00B007CA /* RidingSubView */ = {
			isa = PBXGroup;
			children = (
				5570A94316355152008E2F50 /* DashBoardViewController.h */,
				5570A94416355152008E2F50 /* DashBoardViewController.m */,
				5570A94516355152008E2F50 /* DashBoardViewController.xib */,
				55910FFE1638207000B007CA /* GroupRideViewController.h */,
				55910FFF1638207100B007CA /* GroupRideViewController.m */,
				559110001638207300B007CA /* GroupRideViewController.xib */,
				04EC92311640DA7C00E99EB5 /* InviteUserViewController.h */,
				04EC92321640DA7C00E99EB5 /* InviteUserViewController.m */,
				04EC92331640DA7C00E99EB5 /* InviteUserViewController.xib */,
				5570A94816355489008E2F50 /* MapViewController.h */,
				5570A94916355489008E2F50 /* MapViewController.m */,
				5570A94A16355489008E2F50 /* MapViewController.xib */,
				55910F901637F4E800B007CA /* RidingViewController.h */,
				55910F911637F4E800B007CA /* RidingViewController.m */,
				55910F921637F4E800B007CA /* RidingViewController.xib */,
			);
			name = RidingSubView;
			sourceTree = "<group>";
		};
/* End PBXGroup section */

/* Begin PBXNativeTarget section */
		5570A903163550A5008E2F50 /* rainsync */ = {
			isa = PBXNativeTarget;
			buildConfigurationList = 5570A93D163550A5008E2F50 /* Build configuration list for PBXNativeTarget "rainsync" */;
			buildPhases = (
				5570A900163550A5008E2F50 /* Sources */,
				5570A901163550A5008E2F50 /* Frameworks */,
				5570A902163550A5008E2F50 /* Resources */,
			);
			buildRules = (
			);
			dependencies = (
			);
			name = rainsync;
			productName = rainsync;
			productReference = 5570A904163550A5008E2F50 /* rainsync.app */;
			productType = "com.apple.product-type.application";
		};
		5570A92A163550A5008E2F50 /* rainsyncTests */ = {
			isa = PBXNativeTarget;
			buildConfigurationList = 5570A940163550A5008E2F50 /* Build configuration list for PBXNativeTarget "rainsyncTests" */;
			buildPhases = (
				5570A926163550A5008E2F50 /* Sources */,
				5570A927163550A5008E2F50 /* Frameworks */,
				5570A928163550A5008E2F50 /* Resources */,
				5570A929163550A5008E2F50 /* ShellScript */,
			);
			buildRules = (
			);
			dependencies = (
				5570A931163550A5008E2F50 /* PBXTargetDependency */,
			);
			name = rainsyncTests;
			productName = rainsyncTests;
			productReference = 5570A92B163550A5008E2F50 /* rainsyncTests.octest */;
			productType = "com.apple.product-type.bundle";
		};
/* End PBXNativeTarget section */

/* Begin PBXProject section */
		5570A8FB163550A5008E2F50 /* Project object */ = {
			isa = PBXProject;
			attributes = {
				LastUpgradeCheck = 0450;
				ORGANIZATIONNAME = rainsync;
			};
			buildConfigurationList = 5570A8FE163550A5008E2F50 /* Build configuration list for PBXProject "rainsync" */;
			compatibilityVersion = "Xcode 3.2";
			developmentRegion = English;
			hasScannedForEncodings = 0;
			knownRegions = (
				en,
			);
			mainGroup = 5570A8F9163550A5008E2F50;
			productRefGroup = 5570A905163550A5008E2F50 /* Products */;
			projectDirPath = "";
			projectRoot = "";
			targets = (
				5570A903163550A5008E2F50 /* rainsync */,
				5570A92A163550A5008E2F50 /* rainsyncTests */,
			);
		};
/* End PBXProject section */

/* Begin PBXResourcesBuildPhase section */
		5570A902163550A5008E2F50 /* Resources */ = {
			isa = PBXResourcesBuildPhase;
			buildActionMask = 2147483647;
			files = (
				559110101638260600B007CA /* SettingViewController.xib in Resources */,
				5591100F1638260200B007CA /* StaticViewController.xib in Resources */,
				5570A913163550A5008E2F50 /* InfoPlist.strings in Resources */,
				5570A91B163550A5008E2F50 /* Default.png in Resources */,
				5570A91D163550A5008E2F50 /* Default@2x.png in Resources */,
				5570A91F163550A5008E2F50 /* Default-568h@2x.png in Resources */,
				5570A94716355152008E2F50 /* DashBoardViewController.xib in Resources */,
				5570A94C16355489008E2F50 /* MapViewController.xib in Resources */,
				552BD57716365ECB00D89652 /* ProfileViewController.xib in Resources */,
				55910F941637F4E800B007CA /* RidingViewController.xib in Resources */,
				559110021638207700B007CA /* GroupRideViewController.xib in Resources */,
				0483FE1F163E5FA8005D804F /* FirstSettingViewController.xib in Resources */,
				04ADF5AC163E9A4900F825B4 /* NameAndAvatarSettingViewController.xib in Resources */,
				04ADF5B5163E9FC400F825B4 /* CompletionSettingViewController.xib in Resources */,
				04EC92351640DA7C00E99EB5 /* InviteUserViewController.xib in Resources */,
			);
			runOnlyForDeploymentPostprocessing = 0;
		};
		5570A928163550A5008E2F50 /* Resources */ = {
			isa = PBXResourcesBuildPhase;
			buildActionMask = 2147483647;
			files = (
				5570A937163550A5008E2F50 /* InfoPlist.strings in Resources */,
				55911007163823E100B007CA /* StaticViewController.xib in Resources */,
				5591100C1638241500B007CA /* SettingViewController.xib in Resources */,
			);
			runOnlyForDeploymentPostprocessing = 0;
		};
/* End PBXResourcesBuildPhase section */

/* Begin PBXShellScriptBuildPhase section */
		5570A929163550A5008E2F50 /* ShellScript */ = {
			isa = PBXShellScriptBuildPhase;
			buildActionMask = 2147483647;
			files = (
			);
			inputPaths = (
			);
			outputPaths = (
			);
			runOnlyForDeploymentPostprocessing = 0;
			shellPath = /bin/sh;
			shellScript = "# Run the unit tests in this test bundle.\n\"${SYSTEM_DEVELOPER_DIR}/Tools/RunUnitTests\"\n";
		};
/* End PBXShellScriptBuildPhase section */

/* Begin PBXSourcesBuildPhase section */
		5570A900163550A5008E2F50 /* Sources */ = {
			isa = PBXSourcesBuildPhase;
			buildActionMask = 2147483647;
			files = (
				5591100E163825AE00B007CA /* SettingViewController.m in Sources */,
				5591100D163825A900B007CA /* StaticViewController.m in Sources */,
				5570A915163550A5008E2F50 /* main.m in Sources */,
				5570A919163550A5008E2F50 /* AppDelegate.m in Sources */,
				5570A922163550A5008E2F50 /* ViewController.m in Sources */,
				5570A94616355152008E2F50 /* DashBoardViewController.m in Sources */,
				5570A94B16355489008E2F50 /* MapViewController.m in Sources */,
				5570A955163557FD008E2F50 /* CoreLocationController.m in Sources */,
				552BD57616365ECB00D89652 /* ProfileViewController.m in Sources */,
				552BD57B1636609500D89652 /* NetUtility.m in Sources */,
				55910F931637F4E800B007CA /* RidingViewController.m in Sources */,
				559110011638207700B007CA /* GroupRideViewController.m in Sources */,
				0483FE1E163E5FA8005D804F /* FirstSettingViewController.m in Sources */,
				04ADF5AB163E9A4900F825B4 /* NameAndAvatarSettingViewController.m in Sources */,
				04ADF5B4163E9FC400F825B4 /* CompletionSettingViewController.m in Sources */,
				04EC92341640DA7C00E99EB5 /* InviteUserViewController.m in Sources */,
			);
			runOnlyForDeploymentPostprocessing = 0;
		};
		5570A926163550A5008E2F50 /* Sources */ = {
			isa = PBXSourcesBuildPhase;
			buildActionMask = 2147483647;
			files = (
				5570A93A163550A5008E2F50 /* rainsyncTests.m in Sources */,
				55911006163823E100B007CA /* StaticViewController.m in Sources */,
				5591100B1638241500B007CA /* SettingViewController.m in Sources */,
			);
			runOnlyForDeploymentPostprocessing = 0;
		};
/* End PBXSourcesBuildPhase section */

/* Begin PBXTargetDependency section */
		5570A931163550A5008E2F50 /* PBXTargetDependency */ = {
			isa = PBXTargetDependency;
			target = 5570A903163550A5008E2F50 /* rainsync */;
			targetProxy = 5570A930163550A5008E2F50 /* PBXContainerItemProxy */;
		};
/* End PBXTargetDependency section */

/* Begin PBXVariantGroup section */
		5570A911163550A5008E2F50 /* InfoPlist.strings */ = {
			isa = PBXVariantGroup;
			children = (
				5570A912163550A5008E2F50 /* en */,
			);
			name = InfoPlist.strings;
			sourceTree = "<group>";
		};
		5570A935163550A5008E2F50 /* InfoPlist.strings */ = {
			isa = PBXVariantGroup;
			children = (
				5570A936163550A5008E2F50 /* en */,
			);
			name = InfoPlist.strings;
			sourceTree = "<group>";
		};
/* End PBXVariantGroup section */

/* Begin XCBuildConfiguration section */
		5570A93B163550A5008E2F50 /* Debug */ = {
			isa = XCBuildConfiguration;
			buildSettings = {
				ALWAYS_SEARCH_USER_PATHS = NO;
				CLANG_CXX_LANGUAGE_STANDARD = "gnu++0x";
				CLANG_CXX_LIBRARY = "libc++";
				CLANG_WARN_EMPTY_BODY = YES;
				CLANG_WARN__DUPLICATE_METHOD_MATCH = YES;
				"CODE_SIGN_IDENTITY[sdk=iphoneos*]" = "iPhone Developer";
				COPY_PHASE_STRIP = NO;
				GCC_C_LANGUAGE_STANDARD = gnu99;
				GCC_DYNAMIC_NO_PIC = NO;
				GCC_OPTIMIZATION_LEVEL = 0;
				GCC_PREPROCESSOR_DEFINITIONS = (
					"DEBUG=1",
					"$(inherited)",
				);
				GCC_SYMBOLS_PRIVATE_EXTERN = NO;
				GCC_WARN_ABOUT_RETURN_TYPE = YES;
				GCC_WARN_UNINITIALIZED_AUTOS = YES;
				GCC_WARN_UNUSED_VARIABLE = YES;
				IPHONEOS_DEPLOYMENT_TARGET = 5.1;
				ONLY_ACTIVE_ARCH = YES;
				SDKROOT = iphoneos;
			};
			name = Debug;
		};
		5570A93C163550A5008E2F50 /* Release */ = {
			isa = XCBuildConfiguration;
			buildSettings = {
				ALWAYS_SEARCH_USER_PATHS = NO;
				CLANG_CXX_LANGUAGE_STANDARD = "gnu++0x";
				CLANG_CXX_LIBRARY = "libc++";
				CLANG_WARN_EMPTY_BODY = YES;
				CLANG_WARN__DUPLICATE_METHOD_MATCH = YES;
				"CODE_SIGN_IDENTITY[sdk=iphoneos*]" = "iPhone Developer";
				COPY_PHASE_STRIP = YES;
				GCC_C_LANGUAGE_STANDARD = gnu99;
				GCC_WARN_ABOUT_RETURN_TYPE = YES;
				GCC_WARN_UNINITIALIZED_AUTOS = YES;
				GCC_WARN_UNUSED_VARIABLE = YES;
				IPHONEOS_DEPLOYMENT_TARGET = 5.1;
				OTHER_CFLAGS = "-DNS_BLOCK_ASSERTIONS=1";
				SDKROOT = iphoneos;
				VALIDATE_PRODUCT = YES;
			};
			name = Release;
		};
		5570A93E163550A5008E2F50 /* Debug */ = {
			isa = XCBuildConfiguration;
			buildSettings = {
				CODE_SIGN_IDENTITY = "iPhone Developer: Seung won Kim (7N6DQM42MS)";
				FRAMEWORK_SEARCH_PATHS = (
					"$(inherited)",
					"\"$(SRCROOT)/FacebookSDK\"",
				);
				GCC_PRECOMPILE_PREFIX_HEADER = YES;
				GCC_PREFIX_HEADER = "rainsync/rainsync-Prefix.pch";
				INFOPLIST_FILE = "rainsync/rainsync-Info.plist";
				IPHONEOS_DEPLOYMENT_TARGET = 5.1;
				OTHER_LDFLAGS = "-lsqlite3.0";
				PRODUCT_NAME = "$(TARGET_NAME)";
				PROVISIONING_PROFILE = "C2E24698-499E-42C6-8520-0199EF7C5DEA";
				STRIP_INSTALLED_PRODUCT = NO;
				TARGETED_DEVICE_FAMILY = 1;
				WRAPPER_EXTENSION = app;
			};
			name = Debug;
		};
		5570A93F163550A5008E2F50 /* Release */ = {
			isa = XCBuildConfiguration;
			buildSettings = {
				CODE_SIGN_IDENTITY = "iPhone Developer: Seung won Kim (7N6DQM42MS)";
				FRAMEWORK_SEARCH_PATHS = (
					"$(inherited)",
					"\"$(SRCROOT)/FacebookSDK\"",
				);
				GCC_PRECOMPILE_PREFIX_HEADER = YES;
				GCC_PREFIX_HEADER = "rainsync/rainsync-Prefix.pch";
				INFOPLIST_FILE = "rainsync/rainsync-Info.plist";
				IPHONEOS_DEPLOYMENT_TARGET = 5.1;
				OTHER_LDFLAGS = "-lsqlite3.0";
				PRODUCT_NAME = "$(TARGET_NAME)";
				PROVISIONING_PROFILE = "C2E24698-499E-42C6-8520-0199EF7C5DEA";
				STRIP_INSTALLED_PRODUCT = NO;
				TARGETED_DEVICE_FAMILY = 1;
				WRAPPER_EXTENSION = app;
			};
			name = Release;
		};
		5570A941163550A5008E2F50 /* Debug */ = {
			isa = XCBuildConfiguration;
			buildSettings = {
				BUNDLE_LOADER = "$(BUILT_PRODUCTS_DIR)/rainsync.app/rainsync";
				FRAMEWORK_SEARCH_PATHS = (
					"\"$(SDKROOT)/Developer/Library/Frameworks\"",
					"\"$(DEVELOPER_LIBRARY_DIR)/Frameworks\"",
				);
				GCC_PRECOMPILE_PREFIX_HEADER = YES;
				GCC_PREFIX_HEADER = "rainsync/rainsync-Prefix.pch";
				INFOPLIST_FILE = "rainsyncTests/rainsyncTests-Info.plist";
				PRODUCT_NAME = "$(TARGET_NAME)";
				TEST_HOST = "$(BUNDLE_LOADER)";
				WRAPPER_EXTENSION = octest;
			};
			name = Debug;
		};
		5570A942163550A5008E2F50 /* Release */ = {
			isa = XCBuildConfiguration;
			buildSettings = {
				BUNDLE_LOADER = "$(BUILT_PRODUCTS_DIR)/rainsync.app/rainsync";
				FRAMEWORK_SEARCH_PATHS = (
					"\"$(SDKROOT)/Developer/Library/Frameworks\"",
					"\"$(DEVELOPER_LIBRARY_DIR)/Frameworks\"",
				);
				GCC_PRECOMPILE_PREFIX_HEADER = YES;
				GCC_PREFIX_HEADER = "rainsync/rainsync-Prefix.pch";
				INFOPLIST_FILE = "rainsyncTests/rainsyncTests-Info.plist";
				PRODUCT_NAME = "$(TARGET_NAME)";
				TEST_HOST = "$(BUNDLE_LOADER)";
				WRAPPER_EXTENSION = octest;
			};
			name = Release;
		};
/* End XCBuildConfiguration section */

/* Begin XCConfigurationList section */
		5570A8FE163550A5008E2F50 /* Build configuration list for PBXProject "rainsync" */ = {
			isa = XCConfigurationList;
			buildConfigurations = (
				5570A93B163550A5008E2F50 /* Debug */,
				5570A93C163550A5008E2F50 /* Release */,
			);
			defaultConfigurationIsVisible = 0;
			defaultConfigurationName = Release;
		};
		5570A93D163550A5008E2F50 /* Build configuration list for PBXNativeTarget "rainsync" */ = {
			isa = XCConfigurationList;
			buildConfigurations = (
				5570A93E163550A5008E2F50 /* Debug */,
				5570A93F163550A5008E2F50 /* Release */,
			);
			defaultConfigurationIsVisible = 0;
			defaultConfigurationName = Release;
		};
		5570A940163550A5008E2F50 /* Build configuration list for PBXNativeTarget "rainsyncTests" */ = {
			isa = XCConfigurationList;
			buildConfigurations = (
				5570A941163550A5008E2F50 /* Debug */,
				5570A942163550A5008E2F50 /* Release */,
			);
			defaultConfigurationIsVisible = 0;
			defaultConfigurationName = Release;
		};
/* End XCConfigurationList section */
	};
	rootObject = 5570A8FB163550A5008E2F50 /* Project object */;
}
